
Microsoft Visual Studio Solution File, Format Version 12.00
# Visual Studio 14
VisualStudioVersion = 14.0.23107.0
MinimumVisualStudioVersion = 10.0.40219.1
Project("{FAE04EC0-301F-11D3-BF4B-00C04F79EFBC}") = "EasyPark.WebUI", "src\EasyPark.WebUI\EasyPark.WebUI.csproj", "{63F09FE4-A582-43CD-8BDA-3C1FE708BE3D}"
EndProject
Project("{2150E333-8FDC-42A3-9474-1A3956D46DE8}") = "src", "src", "{0071D446-527C-4CF8-8E97-E4EA762DF377}"
EndProject
Global
	GlobalSection(SolutionConfigurationPlatforms) = preSolution
		Debug|Any CPU = Debug|Any CPU
		Release|Any CPU = Release|Any CPU
	EndGlobalSection
	GlobalSection(ProjectConfigurationPlatforms) = postSolution
		{63F09FE4-A582-43CD-8BDA-3C1FE708BE3D}.Debug|Any CPU.ActiveCfg = Debug|Any CPU
		{63F09FE4-A582-43CD-8BDA-3C1FE708BE3D}.Debug|Any CPU.Build.0 = Debug|Any CPU
		{63F09FE4-A582-43CD-8BDA-3C1FE708BE3D}.Release|Any CPU.ActiveCfg = Release|Any CPU
		{63F09FE4-A582-43CD-8BDA-3C1FE708BE3D}.Release|Any CPU.Build.0 = Release|Any CPU
	EndGlobalSection
	GlobalSection(SolutionProperties) = preSolution
		HideSolutionNode = FALSE
	EndGlobalSection
	GlobalSection(NestedProjects) = preSolution
		{63F09FE4-A582-43CD-8BDA-3C1FE708BE3D} = {0071D446-527C-4CF8-8E97-E4EA762DF377}
	EndGlobalSection
EndGlobal
